// !$*UTF8*$!
{
	archiveVersion = 1;
	classes = {
	};
	objectVersion = 50;
	objects = {

/* Begin PBXBuildFile section */
		8434C48D24E5FD6000130FC2 /* Bonus.storyboard in Resources */ = {isa = PBXBuildFile; fileRef = 8434C48C24E5FD6000130FC2 /* Bonus.storyboard */; };
		8434C49824E61E8F00130FC2 /* HourlyTableViewCell.swift in Sources */ = {isa = PBXBuildFile; fileRef = 8434C49724E61E8F00130FC2 /* HourlyTableViewCell.swift */; };
		8434C49C24E6BEA900130FC2 /* ForcastViewController.swift in Sources */ = {isa = PBXBuildFile; fileRef = 8434C49B24E6BEA900130FC2 /* ForcastViewController.swift */; };
		8434C49E24E6BEC000130FC2 /* MetricsViewController.swift in Sources */ = {isa = PBXBuildFile; fileRef = 8434C49D24E6BEC000130FC2 /* MetricsViewController.swift */; };
		8434C4A024E6C75800130FC2 /* DayCellTableViewCell.swift in Sources */ = {isa = PBXBuildFile; fileRef = 8434C49F24E6C75800130FC2 /* DayCellTableViewCell.swift */; };
		8434C4A224E6C79E00130FC2 /* WeekTableViewCell.swift in Sources */ = {isa = PBXBuildFile; fileRef = 8434C4A124E6C79E00130FC2 /* WeekTableViewCell.swift */; };
		8434C4A424E6C9E800130FC2 /* HourlyCollectionViewCell.swift in Sources */ = {isa = PBXBuildFile; fileRef = 8434C4A324E6C9E800130FC2 /* HourlyCollectionViewCell.swift */; };
		8434C4A724E6DD9D00130FC2 /* DetailViewModel.swift in Sources */ = {isa = PBXBuildFile; fileRef = 8434C4A624E6DD9D00130FC2 /* DetailViewModel.swift */; };
		8434C4A924E6F88200130FC2 /* AddCityViewModel.swift in Sources */ = {isa = PBXBuildFile; fileRef = 8434C4A824E6F88200130FC2 /* AddCityViewModel.swift */; };
		8434C4AB24E6F8E500130FC2 /* ListCityViewModel.swift in Sources */ = {isa = PBXBuildFile; fileRef = 8434C4AA24E6F8E500130FC2 /* ListCityViewModel.swift */; };
		8434C4AD24E6FA7100130FC2 /* Context.swift in Sources */ = {isa = PBXBuildFile; fileRef = 8434C4AC24E6FA7100130FC2 /* Context.swift */; };
		843B652824E47A5900036A60 /* ListViewController.swift in Sources */ = {isa = PBXBuildFile; fileRef = 843B652724E47A5900036A60 /* ListViewController.swift */; };
		843B652A24E47A6C00036A60 /* AddCityViewController.swift in Sources */ = {isa = PBXBuildFile; fileRef = 843B652924E47A6C00036A60 /* AddCityViewController.swift */; };
		843B652C24E47C3D00036A60 /* DetailViewController.swift in Sources */ = {isa = PBXBuildFile; fileRef = 843B652B24E47C3D00036A60 /* DetailViewController.swift */; };
		843B653024E47E9F00036A60 /* CityTableViewCell.swift in Sources */ = {isa = PBXBuildFile; fileRef = 843B652F24E47E9F00036A60 /* CityTableViewCell.swift */; };
		843B653224E4A9B800036A60 /* Test_iOS_EN.pdf in Resources */ = {isa = PBXBuildFile; fileRef = 843B653124E4A9B800036A60 /* Test_iOS_EN.pdf */; };
		843B653424E4A9D300036A60 /* README.md in Resources */ = {isa = PBXBuildFile; fileRef = 843B653324E4A9D200036A60 /* README.md */; };
		84FED6A924E2CF1C0031B502 /* AppDelegate.swift in Sources */ = {isa = PBXBuildFile; fileRef = 84FED6A824E2CF1C0031B502 /* AppDelegate.swift */; };
		84FED6AB24E2CF1C0031B502 /* SceneDelegate.swift in Sources */ = {isa = PBXBuildFile; fileRef = 84FED6AA24E2CF1C0031B502 /* SceneDelegate.swift */; };
		84FED6B024E2CF1C0031B502 /* Main.storyboard in Resources */ = {isa = PBXBuildFile; fileRef = 84FED6AE24E2CF1C0031B502 /* Main.storyboard */; };
		84FED6B324E2CF1C0031B502 /* PSATest.xcdatamodeld in Sources */ = {isa = PBXBuildFile; fileRef = 84FED6B124E2CF1C0031B502 /* PSATest.xcdatamodeld */; };
		84FED6B524E2CF1D0031B502 /* Assets.xcassets in Resources */ = {isa = PBXBuildFile; fileRef = 84FED6B424E2CF1D0031B502 /* Assets.xcassets */; };
		84FED6B824E2CF1D0031B502 /* LaunchScreen.storyboard in Resources */ = {isa = PBXBuildFile; fileRef = 84FED6B624E2CF1D0031B502 /* LaunchScreen.storyboard */; };
		84FED6C324E2CF1D0031B502 /* PSATestTests.swift in Sources */ = {isa = PBXBuildFile; fileRef = 84FED6C224E2CF1D0031B502 /* PSATestTests.swift */; };
		84FED6CE24E2CF1D0031B502 /* PSATestUITests.swift in Sources */ = {isa = PBXBuildFile; fileRef = 84FED6CD24E2CF1D0031B502 /* PSATestUITests.swift */; };
/* End PBXBuildFile section */

/* Begin PBXContainerItemProxy section */
		84FED6BF24E2CF1D0031B502 /* PBXContainerItemProxy */ = {
			isa = PBXContainerItemProxy;
			containerPortal = 84FED69D24E2CF1C0031B502 /* Project object */;
			proxyType = 1;
			remoteGlobalIDString = 84FED6A424E2CF1C0031B502;
			remoteInfo = PSATest;
		};
		84FED6CA24E2CF1D0031B502 /* PBXContainerItemProxy */ = {
			isa = PBXContainerItemProxy;
			containerPortal = 84FED69D24E2CF1C0031B502 /* Project object */;
			proxyType = 1;
			remoteGlobalIDString = 84FED6A424E2CF1C0031B502;
			remoteInfo = PSATest;
		};
/* End PBXContainerItemProxy section */

/* Begin PBXFileReference section */
		8434C48C24E5FD6000130FC2 /* Bonus.storyboard */ = {isa = PBXFileReference; lastKnownFileType = file.storyboard; path = Bonus.storyboard; sourceTree = "<group>"; };
		8434C49724E61E8F00130FC2 /* HourlyTableViewCell.swift */ = {isa = PBXFileReference; lastKnownFileType = sourcecode.swift; path = HourlyTableViewCell.swift; sourceTree = "<group>"; };
		8434C49B24E6BEA900130FC2 /* ForcastViewController.swift */ = {isa = PBXFileReference; lastKnownFileType = sourcecode.swift; path = ForcastViewController.swift; sourceTree = "<group>"; };
		8434C49D24E6BEC000130FC2 /* MetricsViewController.swift */ = {isa = PBXFileReference; lastKnownFileType = sourcecode.swift; path = MetricsViewController.swift; sourceTree = "<group>"; };
		8434C49F24E6C75800130FC2 /* DayCellTableViewCell.swift */ = {isa = PBXFileReference; lastKnownFileType = sourcecode.swift; path = DayCellTableViewCell.swift; sourceTree = "<group>"; };
		8434C4A124E6C79E00130FC2 /* WeekTableViewCell.swift */ = {isa = PBXFileReference; lastKnownFileType = sourcecode.swift; path = WeekTableViewCell.swift; sourceTree = "<group>"; };
		8434C4A324E6C9E800130FC2 /* HourlyCollectionViewCell.swift */ = {isa = PBXFileReference; lastKnownFileType = sourcecode.swift; path = HourlyCollectionViewCell.swift; sourceTree = "<group>"; };
		8434C4A624E6DD9D00130FC2 /* DetailViewModel.swift */ = {isa = PBXFileReference; lastKnownFileType = sourcecode.swift; path = DetailViewModel.swift; sourceTree = "<group>"; };
		8434C4A824E6F88200130FC2 /* AddCityViewModel.swift */ = {isa = PBXFileReference; lastKnownFileType = sourcecode.swift; path = AddCityViewModel.swift; sourceTree = "<group>"; };
		8434C4AA24E6F8E500130FC2 /* ListCityViewModel.swift */ = {isa = PBXFileReference; lastKnownFileType = sourcecode.swift; path = ListCityViewModel.swift; sourceTree = "<group>"; };
		8434C4AC24E6FA7100130FC2 /* Context.swift */ = {isa = PBXFileReference; lastKnownFileType = sourcecode.swift; path = Context.swift; sourceTree = "<group>"; };
		843B652724E47A5900036A60 /* ListViewController.swift */ = {isa = PBXFileReference; lastKnownFileType = sourcecode.swift; path = ListViewController.swift; sourceTree = "<group>"; };
		843B652924E47A6C00036A60 /* AddCityViewController.swift */ = {isa = PBXFileReference; lastKnownFileType = sourcecode.swift; path = AddCityViewController.swift; sourceTree = "<group>"; };
		843B652B24E47C3D00036A60 /* DetailViewController.swift */ = {isa = PBXFileReference; lastKnownFileType = sourcecode.swift; path = DetailViewController.swift; sourceTree = "<group>"; };
		843B652F24E47E9F00036A60 /* CityTableViewCell.swift */ = {isa = PBXFileReference; lastKnownFileType = sourcecode.swift; path = CityTableViewCell.swift; sourceTree = "<group>"; };
		843B653124E4A9B800036A60 /* Test_iOS_EN.pdf */ = {isa = PBXFileReference; lastKnownFileType = image.pdf; path = Test_iOS_EN.pdf; sourceTree = "<group>"; };
		843B653324E4A9D200036A60 /* README.md */ = {isa = PBXFileReference; fileEncoding = 4; lastKnownFileType = net.daringfireball.markdown; name = README.md; path = ../README.md; sourceTree = "<group>"; };
		84FED6A524E2CF1C0031B502 /* PSATest.app */ = {isa = PBXFileReference; explicitFileType = wrapper.application; includeInIndex = 0; path = PSATest.app; sourceTree = BUILT_PRODUCTS_DIR; };
		84FED6A824E2CF1C0031B502 /* AppDelegate.swift */ = {isa = PBXFileReference; lastKnownFileType = sourcecode.swift; path = AppDelegate.swift; sourceTree = "<group>"; };
		84FED6AA24E2CF1C0031B502 /* SceneDelegate.swift */ = {isa = PBXFileReference; lastKnownFileType = sourcecode.swift; path = SceneDelegate.swift; sourceTree = "<group>"; };
		84FED6AF24E2CF1C0031B502 /* Base */ = {isa = PBXFileReference; lastKnownFileType = file.storyboard; name = Base; path = Base.lproj/Main.storyboard; sourceTree = "<group>"; };
		84FED6B224E2CF1C0031B502 /* PSATest.xcdatamodel */ = {isa = PBXFileReference; lastKnownFileType = wrapper.xcdatamodel; path = PSATest.xcdatamodel; sourceTree = "<group>"; };
		84FED6B424E2CF1D0031B502 /* Assets.xcassets */ = {isa = PBXFileReference; lastKnownFileType = folder.assetcatalog; path = Assets.xcassets; sourceTree = "<group>"; };
		84FED6B724E2CF1D0031B502 /* Base */ = {isa = PBXFileReference; lastKnownFileType = file.storyboard; name = Base; path = Base.lproj/LaunchScreen.storyboard; sourceTree = "<group>"; };
		84FED6B924E2CF1D0031B502 /* Info.plist */ = {isa = PBXFileReference; lastKnownFileType = text.plist.xml; path = Info.plist; sourceTree = "<group>"; };
		84FED6BE24E2CF1D0031B502 /* PSATestTests.xctest */ = {isa = PBXFileReference; explicitFileType = wrapper.cfbundle; includeInIndex = 0; path = PSATestTests.xctest; sourceTree = BUILT_PRODUCTS_DIR; };
		84FED6C224E2CF1D0031B502 /* PSATestTests.swift */ = {isa = PBXFileReference; lastKnownFileType = sourcecode.swift; path = PSATestTests.swift; sourceTree = "<group>"; };
		84FED6C424E2CF1D0031B502 /* Info.plist */ = {isa = PBXFileReference; lastKnownFileType = text.plist.xml; path = Info.plist; sourceTree = "<group>"; };
		84FED6C924E2CF1D0031B502 /* PSATestUITests.xctest */ = {isa = PBXFileReference; explicitFileType = wrapper.cfbundle; includeInIndex = 0; path = PSATestUITests.xctest; sourceTree = BUILT_PRODUCTS_DIR; };
		84FED6CD24E2CF1D0031B502 /* PSATestUITests.swift */ = {isa = PBXFileReference; lastKnownFileType = sourcecode.swift; path = PSATestUITests.swift; sourceTree = "<group>"; };
		84FED6CF24E2CF1D0031B502 /* Info.plist */ = {isa = PBXFileReference; lastKnownFileType = text.plist.xml; path = Info.plist; sourceTree = "<group>"; };
/* End PBXFileReference section */

/* Begin PBXFrameworksBuildPhase section */
		84FED6A224E2CF1C0031B502 /* Frameworks */ = {
			isa = PBXFrameworksBuildPhase;
			buildActionMask = 2147483647;
			files = (
			);
			runOnlyForDeploymentPostprocessing = 0;
		};
		84FED6BB24E2CF1D0031B502 /* Frameworks */ = {
			isa = PBXFrameworksBuildPhase;
			buildActionMask = 2147483647;
			files = (
			);
			runOnlyForDeploymentPostprocessing = 0;
		};
		84FED6C624E2CF1D0031B502 /* Frameworks */ = {
			isa = PBXFrameworksBuildPhase;
			buildActionMask = 2147483647;
			files = (
			);
			runOnlyForDeploymentPostprocessing = 0;
		};
/* End PBXFrameworksBuildPhase section */

/* Begin PBXGroup section */
		8434C49624E61D5800130FC2 /* Cells */ = {
			isa = PBXGroup;
			children = (
				8434C49724E61E8F00130FC2 /* HourlyTableViewCell.swift */,
				8434C4A324E6C9E800130FC2 /* HourlyCollectionViewCell.swift */,
				8434C49F24E6C75800130FC2 /* DayCellTableViewCell.swift */,
				8434C4A124E6C79E00130FC2 /* WeekTableViewCell.swift */,
				843B652F24E47E9F00036A60 /* CityTableViewCell.swift */,
			);
			path = Cells;
			sourceTree = "<group>";
		};
		8434C49924E6B2AA00130FC2 /* Bonus */ = {
			isa = PBXGroup;
			children = (
				8434C49B24E6BEA900130FC2 /* ForcastViewController.swift */,
				8434C49D24E6BEC000130FC2 /* MetricsViewController.swift */,
			);
			path = Bonus;
			sourceTree = "<group>";
		};
		8434C49A24E6B48E00130FC2 /* Shared */ = {
			isa = PBXGroup;
			children = (
				8434C4AC24E6FA7100130FC2 /* Context.swift */,
			);
			path = Shared;
			sourceTree = "<group>";
		};
		8434C4A524E6DD4700130FC2 /* ViewModel */ = {
			isa = PBXGroup;
			children = (
				8434C4A624E6DD9D00130FC2 /* DetailViewModel.swift */,
				8434C4A824E6F88200130FC2 /* AddCityViewModel.swift */,
				8434C4AA24E6F8E500130FC2 /* ListCityViewModel.swift */,
			);
			path = ViewModel;
			sourceTree = "<group>";
		};
		8467644C24E5E564000A80A6 /* Controller */ = {
			isa = PBXGroup;
			children = (
				8434C49624E61D5800130FC2 /* Cells */,
				8434C49924E6B2AA00130FC2 /* Bonus */,
				843B652924E47A6C00036A60 /* AddCityViewController.swift */,
				843B652724E47A5900036A60 /* ListViewController.swift */,
				843B652B24E47C3D00036A60 /* DetailViewController.swift */,
			);
			path = Controller;
			sourceTree = "<group>";
		};
		8467644D24E5E5B3000A80A6 /* View */ = {
			isa = PBXGroup;
			children = (
				84FED6AE24E2CF1C0031B502 /* Main.storyboard */,
				8434C48C24E5FD6000130FC2 /* Bonus.storyboard */,
			);
			path = View;
			sourceTree = "<group>";
		};
		8467644E24E5E5C1000A80A6 /* Model */ = {
			isa = PBXGroup;
			children = (
				8467645124E5EBF0000A80A6 /* App Management */,
				8434C49A24E6B48E00130FC2 /* Shared */,
				8467645024E5E84A000A80A6 /* CoreData */,
			);
			path = Model;
			sourceTree = "<group>";
		};
		8467644F24E5E802000A80A6 /* Supporting files */ = {
			isa = PBXGroup;
			children = (
				84FED6B424E2CF1D0031B502 /* Assets.xcassets */,
				84FED6B624E2CF1D0031B502 /* LaunchScreen.storyboard */,
				84FED6B924E2CF1D0031B502 /* Info.plist */,
			);
			path = "Supporting files";
			sourceTree = "<group>";
		};
		8467645024E5E84A000A80A6 /* CoreData */ = {
			isa = PBXGroup;
			children = (
				84FED6B124E2CF1C0031B502 /* PSATest.xcdatamodeld */,
			);
			path = CoreData;
			sourceTree = "<group>";
		};
		8467645124E5EBF0000A80A6 /* App Management */ = {
			isa = PBXGroup;
			children = (
				84FED6A824E2CF1C0031B502 /* AppDelegate.swift */,
				84FED6AA24E2CF1C0031B502 /* SceneDelegate.swift */,
			);
			path = "App Management";
			sourceTree = "<group>";
		};
		84FED69C24E2CF1C0031B502 = {
			isa = PBXGroup;
			children = (
				843B653324E4A9D200036A60 /* README.md */,
				843B653124E4A9B800036A60 /* Test_iOS_EN.pdf */,
				84FED6A724E2CF1C0031B502 /* PSATest */,
				84FED6C124E2CF1D0031B502 /* PSATestTests */,
				84FED6CC24E2CF1D0031B502 /* PSATestUITests */,
				84FED6A624E2CF1C0031B502 /* Products */,
			);
			sourceTree = "<group>";
		};
		84FED6A624E2CF1C0031B502 /* Products */ = {
			isa = PBXGroup;
			children = (
				84FED6A524E2CF1C0031B502 /* PSATest.app */,
				84FED6BE24E2CF1D0031B502 /* PSATestTests.xctest */,
				84FED6C924E2CF1D0031B502 /* PSATestUITests.xctest */,
			);
			name = Products;
			sourceTree = "<group>";
		};
		84FED6A724E2CF1C0031B502 /* PSATest */ = {
			isa = PBXGroup;
			children = (
				8467644E24E5E5C1000A80A6 /* Model */,
				8467644D24E5E5B3000A80A6 /* View */,
				8467644C24E5E564000A80A6 /* Controller */,
				8434C4A524E6DD4700130FC2 /* ViewModel */,
				8467644F24E5E802000A80A6 /* Supporting files */,
			);
			path = PSATest;
			sourceTree = "<group>";
		};
		84FED6C124E2CF1D0031B502 /* PSATestTests */ = {
			isa = PBXGroup;
			children = (
				84FED6C224E2CF1D0031B502 /* PSATestTests.swift */,
				84FED6C424E2CF1D0031B502 /* Info.plist */,
			);
			path = PSATestTests;
			sourceTree = "<group>";
		};
		84FED6CC24E2CF1D0031B502 /* PSATestUITests */ = {
			isa = PBXGroup;
			children = (
				84FED6CD24E2CF1D0031B502 /* PSATestUITests.swift */,
				84FED6CF24E2CF1D0031B502 /* Info.plist */,
			);
			path = PSATestUITests;
			sourceTree = "<group>";
		};
/* End PBXGroup section */

/* Begin PBXNativeTarget section */
		84FED6A424E2CF1C0031B502 /* PSATest */ = {
			isa = PBXNativeTarget;
			buildConfigurationList = 84FED6D224E2CF1E0031B502 /* Build configuration list for PBXNativeTarget "PSATest" */;
			buildPhases = (
				84FED6A124E2CF1C0031B502 /* Sources */,
				84FED6A224E2CF1C0031B502 /* Frameworks */,
				84FED6A324E2CF1C0031B502 /* Resources */,
			);
			buildRules = (
			);
			dependencies = (
			);
			name = PSATest;
			productName = PSATest;
			productReference = 84FED6A524E2CF1C0031B502 /* PSATest.app */;
			productType = "com.apple.product-type.application";
		};
		84FED6BD24E2CF1D0031B502 /* PSATestTests */ = {
			isa = PBXNativeTarget;
			buildConfigurationList = 84FED6D524E2CF1E0031B502 /* Build configuration list for PBXNativeTarget "PSATestTests" */;
			buildPhases = (
				84FED6BA24E2CF1D0031B502 /* Sources */,
				84FED6BB24E2CF1D0031B502 /* Frameworks */,
				84FED6BC24E2CF1D0031B502 /* Resources */,
			);
			buildRules = (
			);
			dependencies = (
				84FED6C024E2CF1D0031B502 /* PBXTargetDependency */,
			);
			name = PSATestTests;
			productName = PSATestTests;
			productReference = 84FED6BE24E2CF1D0031B502 /* PSATestTests.xctest */;
			productType = "com.apple.product-type.bundle.unit-test";
		};
		84FED6C824E2CF1D0031B502 /* PSATestUITests */ = {
			isa = PBXNativeTarget;
			buildConfigurationList = 84FED6D824E2CF1E0031B502 /* Build configuration list for PBXNativeTarget "PSATestUITests" */;
			buildPhases = (
				84FED6C524E2CF1D0031B502 /* Sources */,
				84FED6C624E2CF1D0031B502 /* Frameworks */,
				84FED6C724E2CF1D0031B502 /* Resources */,
			);
			buildRules = (
			);
			dependencies = (
				84FED6CB24E2CF1D0031B502 /* PBXTargetDependency */,
			);
			name = PSATestUITests;
			productName = PSATestUITests;
			productReference = 84FED6C924E2CF1D0031B502 /* PSATestUITests.xctest */;
			productType = "com.apple.product-type.bundle.ui-testing";
		};
/* End PBXNativeTarget section */

/* Begin PBXProject section */
		84FED69D24E2CF1C0031B502 /* Project object */ = {
			isa = PBXProject;
			attributes = {
				LastSwiftUpdateCheck = 1160;
				LastUpgradeCheck = 1160;
				ORGANIZATIONNAME = Devios;
				TargetAttributes = {
					84FED6A424E2CF1C0031B502 = {
						CreatedOnToolsVersion = 11.6;
					};
					84FED6BD24E2CF1D0031B502 = {
						CreatedOnToolsVersion = 11.6;
						TestTargetID = 84FED6A424E2CF1C0031B502;
					};
					84FED6C824E2CF1D0031B502 = {
						CreatedOnToolsVersion = 11.6;
						TestTargetID = 84FED6A424E2CF1C0031B502;
					};
				};
			};
			buildConfigurationList = 84FED6A024E2CF1C0031B502 /* Build configuration list for PBXProject "PSATest" */;
			compatibilityVersion = "Xcode 9.3";
			developmentRegion = en;
			hasScannedForEncodings = 0;
			knownRegions = (
				en,
				Base,
			);
			mainGroup = 84FED69C24E2CF1C0031B502;
			productRefGroup = 84FED6A624E2CF1C0031B502 /* Products */;
			projectDirPath = "";
			projectRoot = "";
			targets = (
				84FED6A424E2CF1C0031B502 /* PSATest */,
				84FED6BD24E2CF1D0031B502 /* PSATestTests */,
				84FED6C824E2CF1D0031B502 /* PSATestUITests */,
			);
		};
/* End PBXProject section */

/* Begin PBXResourcesBuildPhase section */
		84FED6A324E2CF1C0031B502 /* Resources */ = {
			isa = PBXResourcesBuildPhase;
			buildActionMask = 2147483647;
			files = (
				84FED6B824E2CF1D0031B502 /* LaunchScreen.storyboard in Resources */,
				84FED6B524E2CF1D0031B502 /* Assets.xcassets in Resources */,
				843B653424E4A9D300036A60 /* README.md in Resources */,
				8434C48D24E5FD6000130FC2 /* Bonus.storyboard in Resources */,
				84FED6B024E2CF1C0031B502 /* Main.storyboard in Resources */,
				843B653224E4A9B800036A60 /* Test_iOS_EN.pdf in Resources */,
			);
			runOnlyForDeploymentPostprocessing = 0;
		};
		84FED6BC24E2CF1D0031B502 /* Resources */ = {
			isa = PBXResourcesBuildPhase;
			buildActionMask = 2147483647;
			files = (
			);
			runOnlyForDeploymentPostprocessing = 0;
		};
		84FED6C724E2CF1D0031B502 /* Resources */ = {
			isa = PBXResourcesBuildPhase;
			buildActionMask = 2147483647;
			files = (
			);
			runOnlyForDeploymentPostprocessing = 0;
		};
/* End PBXResourcesBuildPhase section */

/* Begin PBXSourcesBuildPhase section */
		84FED6A124E2CF1C0031B502 /* Sources */ = {
			isa = PBXSourcesBuildPhase;
			buildActionMask = 2147483647;
			files = (
				8434C4AD24E6FA7100130FC2 /* Context.swift in Sources */,
				8434C49E24E6BEC000130FC2 /* MetricsViewController.swift in Sources */,
				8434C4A224E6C79E00130FC2 /* WeekTableViewCell.swift in Sources */,
				8434C4A424E6C9E800130FC2 /* HourlyCollectionViewCell.swift in Sources */,
				8434C4AB24E6F8E500130FC2 /* ListCityViewModel.swift in Sources */,
				843B652A24E47A6C00036A60 /* AddCityViewController.swift in Sources */,
				84FED6B324E2CF1C0031B502 /* PSATest.xcdatamodeld in Sources */,
				8434C4A924E6F88200130FC2 /* AddCityViewModel.swift in Sources */,
				8434C49824E61E8F00130FC2 /* HourlyTableViewCell.swift in Sources */,
				84FED6A924E2CF1C0031B502 /* AppDelegate.swift in Sources */,
				843B652C24E47C3D00036A60 /* DetailViewController.swift in Sources */,
				843B652824E47A5900036A60 /* ListViewController.swift in Sources */,
				8434C4A724E6DD9D00130FC2 /* DetailViewModel.swift in Sources */,
				84FED6AB24E2CF1C0031B502 /* SceneDelegate.swift in Sources */,
				843B653024E47E9F00036A60 /* CityTableViewCell.swift in Sources */,
				8434C49C24E6BEA900130FC2 /* ForcastViewController.swift in Sources */,
				8434C4A024E6C75800130FC2 /* DayCellTableViewCell.swift in Sources */,
			);
			runOnlyForDeploymentPostprocessing = 0;
		};
		84FED6BA24E2CF1D0031B502 /* Sources */ = {
			isa = PBXSourcesBuildPhase;
			buildActionMask = 2147483647;
			files = (
				84FED6C324E2CF1D0031B502 /* PSATestTests.swift in Sources */,
			);
			runOnlyForDeploymentPostprocessing = 0;
		};
		84FED6C524E2CF1D0031B502 /* Sources */ = {
			isa = PBXSourcesBuildPhase;
			buildActionMask = 2147483647;
			files = (
				84FED6CE24E2CF1D0031B502 /* PSATestUITests.swift in Sources */,
			);
			runOnlyForDeploymentPostprocessing = 0;
		};
/* End PBXSourcesBuildPhase section */

/* Begin PBXTargetDependency section */
		84FED6C024E2CF1D0031B502 /* PBXTargetDependency */ = {
			isa = PBXTargetDependency;
			target = 84FED6A424E2CF1C0031B502 /* PSATest */;
			targetProxy = 84FED6BF24E2CF1D0031B502 /* PBXContainerItemProxy */;
		};
		84FED6CB24E2CF1D0031B502 /* PBXTargetDependency */ = {
			isa = PBXTargetDependency;
			target = 84FED6A424E2CF1C0031B502 /* PSATest */;
			targetProxy = 84FED6CA24E2CF1D0031B502 /* PBXContainerItemProxy */;
		};
/* End PBXTargetDependency section */

/* Begin PBXVariantGroup section */
		84FED6AE24E2CF1C0031B502 /* Main.storyboard */ = {
			isa = PBXVariantGroup;
			children = (
				84FED6AF24E2CF1C0031B502 /* Base */,
			);
			name = Main.storyboard;
			sourceTree = "<group>";
		};
		84FED6B624E2CF1D0031B502 /* LaunchScreen.storyboard */ = {
			isa = PBXVariantGroup;
			children = (
				84FED6B724E2CF1D0031B502 /* Base */,
			);
			name = LaunchScreen.storyboard;
			sourceTree = "<group>";
		};
/* End PBXVariantGroup section */

/* Begin XCBuildConfiguration section */
		84FED6D024E2CF1E0031B502 /* Debug */ = {
			isa = XCBuildConfiguration;
			buildSettings = {
				ALWAYS_SEARCH_USER_PATHS = NO;
				CLANG_ANALYZER_NONNULL = YES;
				CLANG_ANALYZER_NUMBER_OBJECT_CONVERSION = YES_AGGRESSIVE;
				CLANG_CXX_LANGUAGE_STANDARD = "gnu++14";
				CLANG_CXX_LIBRARY = "libc++";
				CLANG_ENABLE_MODULES = YES;
				CLANG_ENABLE_OBJC_ARC = YES;
				CLANG_ENABLE_OBJC_WEAK = YES;
				CLANG_WARN_BLOCK_CAPTURE_AUTORELEASING = YES;
				CLANG_WARN_BOOL_CONVERSION = YES;
				CLANG_WARN_COMMA = YES;
				CLANG_WARN_CONSTANT_CONVERSION = YES;
				CLANG_WARN_DEPRECATED_OBJC_IMPLEMENTATIONS = YES;
				CLANG_WARN_DIRECT_OBJC_ISA_USAGE = YES_ERROR;
				CLANG_WARN_DOCUMENTATION_COMMENTS = YES;
				CLANG_WARN_EMPTY_BODY = YES;
				CLANG_WARN_ENUM_CONVERSION = YES;
				CLANG_WARN_INFINITE_RECURSION = YES;
				CLANG_WARN_INT_CONVERSION = YES;
				CLANG_WARN_NON_LITERAL_NULL_CONVERSION = YES;
				CLANG_WARN_OBJC_IMPLICIT_RETAIN_SELF = YES;
				CLANG_WARN_OBJC_LITERAL_CONVERSION = YES;
				CLANG_WARN_OBJC_ROOT_CLASS = YES_ERROR;
				CLANG_WARN_RANGE_LOOP_ANALYSIS = YES;
				CLANG_WARN_STRICT_PROTOTYPES = YES;
				CLANG_WARN_SUSPICIOUS_MOVE = YES;
				CLANG_WARN_UNGUARDED_AVAILABILITY = YES_AGGRESSIVE;
				CLANG_WARN_UNREACHABLE_CODE = YES;
				CLANG_WARN__DUPLICATE_METHOD_MATCH = YES;
				COPY_PHASE_STRIP = NO;
				DEBUG_INFORMATION_FORMAT = dwarf;
				ENABLE_STRICT_OBJC_MSGSEND = YES;
				ENABLE_TESTABILITY = YES;
				GCC_C_LANGUAGE_STANDARD = gnu11;
				GCC_DYNAMIC_NO_PIC = NO;
				GCC_NO_COMMON_BLOCKS = YES;
				GCC_OPTIMIZATION_LEVEL = 0;
				GCC_PREPROCESSOR_DEFINITIONS = (
					"DEBUG=1",
					"$(inherited)",
				);
				GCC_WARN_64_TO_32_BIT_CONVERSION = YES;
				GCC_WARN_ABOUT_RETURN_TYPE = YES_ERROR;
				GCC_WARN_UNDECLARED_SELECTOR = YES;
				GCC_WARN_UNINITIALIZED_AUTOS = YES_AGGRESSIVE;
				GCC_WARN_UNUSED_FUNCTION = YES;
				GCC_WARN_UNUSED_VARIABLE = YES;
				IPHONEOS_DEPLOYMENT_TARGET = 13.6;
				MTL_ENABLE_DEBUG_INFO = INCLUDE_SOURCE;
				MTL_FAST_MATH = YES;
				ONLY_ACTIVE_ARCH = YES;
				SDKROOT = iphoneos;
				SWIFT_ACTIVE_COMPILATION_CONDITIONS = DEBUG;
				SWIFT_OPTIMIZATION_LEVEL = "-Onone";
			};
			name = Debug;
		};
		84FED6D124E2CF1E0031B502 /* Release */ = {
			isa = XCBuildConfiguration;
			buildSettings = {
				ALWAYS_SEARCH_USER_PATHS = NO;
				CLANG_ANALYZER_NONNULL = YES;
				CLANG_ANALYZER_NUMBER_OBJECT_CONVERSION = YES_AGGRESSIVE;
				CLANG_CXX_LANGUAGE_STANDARD = "gnu++14";
				CLANG_CXX_LIBRARY = "libc++";
				CLANG_ENABLE_MODULES = YES;
				CLANG_ENABLE_OBJC_ARC = YES;
				CLANG_ENABLE_OBJC_WEAK = YES;
				CLANG_WARN_BLOCK_CAPTURE_AUTORELEASING = YES;
				CLANG_WARN_BOOL_CONVERSION = YES;
				CLANG_WARN_COMMA = YES;
				CLANG_WARN_CONSTANT_CONVERSION = YES;
				CLANG_WARN_DEPRECATED_OBJC_IMPLEMENTATIONS = YES;
				CLANG_WARN_DIRECT_OBJC_ISA_USAGE = YES_ERROR;
				CLANG_WARN_DOCUMENTATION_COMMENTS = YES;
				CLANG_WARN_EMPTY_BODY = YES;
				CLANG_WARN_ENUM_CONVERSION = YES;
				CLANG_WARN_INFINITE_RECURSION = YES;
				CLANG_WARN_INT_CONVERSION = YES;
				CLANG_WARN_NON_LITERAL_NULL_CONVERSION = YES;
				CLANG_WARN_OBJC_IMPLICIT_RETAIN_SELF = YES;
				CLANG_WARN_OBJC_LITERAL_CONVERSION = YES;
				CLANG_WARN_OBJC_ROOT_CLASS = YES_ERROR;
				CLANG_WARN_RANGE_LOOP_ANALYSIS = YES;
				CLANG_WARN_STRICT_PROTOTYPES = YES;
				CLANG_WARN_SUSPICIOUS_MOVE = YES;
				CLANG_WARN_UNGUARDED_AVAILABILITY = YES_AGGRESSIVE;
				CLANG_WARN_UNREACHABLE_CODE = YES;
				CLANG_WARN__DUPLICATE_METHOD_MATCH = YES;
				COPY_PHASE_STRIP = NO;
				DEBUG_INFORMATION_FORMAT = "dwarf-with-dsym";
				ENABLE_NS_ASSERTIONS = NO;
				ENABLE_STRICT_OBJC_MSGSEND = YES;
				GCC_C_LANGUAGE_STANDARD = gnu11;
				GCC_NO_COMMON_BLOCKS = YES;
				GCC_WARN_64_TO_32_BIT_CONVERSION = YES;
				GCC_WARN_ABOUT_RETURN_TYPE = YES_ERROR;
				GCC_WARN_UNDECLARED_SELECTOR = YES;
				GCC_WARN_UNINITIALIZED_AUTOS = YES_AGGRESSIVE;
				GCC_WARN_UNUSED_FUNCTION = YES;
				GCC_WARN_UNUSED_VARIABLE = YES;
				IPHONEOS_DEPLOYMENT_TARGET = 13.6;
				MTL_ENABLE_DEBUG_INFO = NO;
				MTL_FAST_MATH = YES;
				SDKROOT = iphoneos;
				SWIFT_COMPILATION_MODE = wholemodule;
				SWIFT_OPTIMIZATION_LEVEL = "-O";
				VALIDATE_PRODUCT = YES;
			};
			name = Release;
		};
		84FED6D324E2CF1E0031B502 /* Debug */ = {
			isa = XCBuildConfiguration;
			buildSettings = {
				ASSETCATALOG_COMPILER_APPICON_NAME = AppIcon;
				CODE_SIGN_STYLE = Automatic;
				DEVELOPMENT_TEAM = 32DX3M943S;
				INFOPLIST_FILE = "$(SRCROOT)/PSATest/Supporting files/Info.plist";
				LD_RUNPATH_SEARCH_PATHS = (
					"$(inherited)",
					"@executable_path/Frameworks",
				);
				PRODUCT_BUNDLE_IDENTIFIER = fr.casimir.PSATest;
				PRODUCT_NAME = "$(TARGET_NAME)";
				SWIFT_VERSION = 5.0;
				TARGETED_DEVICE_FAMILY = "1,2";
			};
			name = Debug;
		};
		84FED6D424E2CF1E0031B502 /* Release */ = {
			isa = XCBuildConfiguration;
			buildSettings = {
				ASSETCATALOG_COMPILER_APPICON_NAME = AppIcon;
				CODE_SIGN_STYLE = Automatic;
				DEVELOPMENT_TEAM = 32DX3M943S;
				INFOPLIST_FILE = "$(SRCROOT)/PSATest/Supporting files/Info.plist";
				LD_RUNPATH_SEARCH_PATHS = (
					"$(inherited)",
					"@executable_path/Frameworks",
				);
				PRODUCT_BUNDLE_IDENTIFIER = fr.casimir.PSATest;
				PRODUCT_NAME = "$(TARGET_NAME)";
				SWIFT_VERSION = 5.0;
				TARGETED_DEVICE_FAMILY = "1,2";
			};
			name = Release;
		};
		84FED6D624E2CF1E0031B502 /* Debug */ = {
			isa = XCBuildConfiguration;
			buildSettings = {
				ALWAYS_EMBED_SWIFT_STANDARD_LIBRARIES = YES;
				BUNDLE_LOADER = "$(TEST_HOST)";
				CODE_SIGN_STYLE = Automatic;
				DEVELOPMENT_TEAM = 32DX3M943S;
				INFOPLIST_FILE = PSATestTests/Info.plist;
				IPHONEOS_DEPLOYMENT_TARGET = 13.6;
				LD_RUNPATH_SEARCH_PATHS = (
					"$(inherited)",
					"@executable_path/Frameworks",
					"@loader_path/Frameworks",
				);
				PRODUCT_BUNDLE_IDENTIFIER = fr.casimir.PSATestTests;
				PRODUCT_NAME = "$(TARGET_NAME)";
				SWIFT_VERSION = 5.0;
				TARGETED_DEVICE_FAMILY = "1,2";
				TEST_HOST = "$(BUILT_PRODUCTS_DIR)/PSATest.app/PSATest";
			};
			name = Debug;
		};
		84FED6D724E2CF1E0031B502 /* Release */ = {
			isa = XCBuildConfiguration;
			buildSettings = {
				ALWAYS_EMBED_SWIFT_STANDARD_LIBRARIES = YES;
				BUNDLE_LOADER = "$(TEST_HOST)";
				CODE_SIGN_STYLE = Automatic;
				DEVELOPMENT_TEAM = 32DX3M943S;
				INFOPLIST_FILE = PSATestTests/Info.plist;
				IPHONEOS_DEPLOYMENT_TARGET = 13.6;
				LD_RUNPATH_SEARCH_PATHS = (
					"$(inherited)",
					"@executable_path/Frameworks",
					"@loader_path/Frameworks",
				);
				PRODUCT_BUNDLE_IDENTIFIER = fr.casimir.PSATestTests;
				PRODUCT_NAME = "$(TARGET_NAME)";
				SWIFT_VERSION = 5.0;
				TARGETED_DEVICE_FAMILY = "1,2";
				TEST_HOST = "$(BUILT_PRODUCTS_DIR)/PSATest.app/PSATest";
			};
			name = Release;
		};
		84FED6D924E2CF1E0031B502 /* Debug */ = {
			isa = XCBuildConfiguration;
			buildSettings = {
				ALWAYS_EMBED_SWIFT_STANDARD_LIBRARIES = YES;
				CODE_SIGN_STYLE = Automatic;
				DEVELOPMENT_TEAM = 32DX3M943S;
				INFOPLIST_FILE = PSATestUITests/Info.plist;
				LD_RUNPATH_SEARCH_PATHS = (
					"$(inherited)",
					"@executable_path/Frameworks",
					"@loader_path/Frameworks",
				);
				PRODUCT_BUNDLE_IDENTIFIER = fr.casimir.PSATestUITests;
				PRODUCT_NAME = "$(TARGET_NAME)";
				SWIFT_VERSION = 5.0;
				TARGETED_DEVICE_FAMILY = "1,2";
				TEST_TARGET_NAME = PSATest;
			};
			name = Debug;
		};
		84FED6DA24E2CF1E0031B502 /* Release */ = {
			isa = XCBuildConfiguration;
			buildSettings = {
				ALWAYS_EMBED_SWIFT_STANDARD_LIBRARIES = YES;
				CODE_SIGN_STYLE = Automatic;
				DEVELOPMENT_TEAM = 32DX3M943S;
				INFOPLIST_FILE = PSATestUITests/Info.plist;
				LD_RUNPATH_SEARCH_PATHS = (
					"$(inherited)",
					"@executable_path/Frameworks",
					"@loader_path/Frameworks",
				);
				PRODUCT_BUNDLE_IDENTIFIER = fr.casimir.PSATestUITests;
				PRODUCT_NAME = "$(TARGET_NAME)";
				SWIFT_VERSION = 5.0;
				TARGETED_DEVICE_FAMILY = "1,2";
				TEST_TARGET_NAME = PSATest;
			};
			name = Release;
		};
/* End XCBuildConfiguration section */

/* Begin XCConfigurationList section */
		84FED6A024E2CF1C0031B502 /* Build configuration list for PBXProject "PSATest" */ = {
			isa = XCConfigurationList;
			buildConfigurations = (
				84FED6D024E2CF1E0031B502 /* Debug */,
				84FED6D124E2CF1E0031B502 /* Release */,
			);
			defaultConfigurationIsVisible = 0;
			defaultConfigurationName = Release;
		};
		84FED6D224E2CF1E0031B502 /* Build configuration list for PBXNativeTarget "PSATest" */ = {
			isa = XCConfigurationList;
			buildConfigurations = (
				84FED6D324E2CF1E0031B502 /* Debug */,
				84FED6D424E2CF1E0031B502 /* Release */,
			);
			defaultConfigurationIsVisible = 0;
			defaultConfigurationName = Release;
		};
		84FED6D524E2CF1E0031B502 /* Build configuration list for PBXNativeTarget "PSATestTests" */ = {
			isa = XCConfigurationList;
			buildConfigurations = (
				84FED6D624E2CF1E0031B502 /* Debug */,
				84FED6D724E2CF1E0031B502 /* Release */,
			);
			defaultConfigurationIsVisible = 0;
			defaultConfigurationName = Release;
		};
		84FED6D824E2CF1E0031B502 /* Build configuration list for PBXNativeTarget "PSATestUITests" */ = {
			isa = XCConfigurationList;
			buildConfigurations = (
				84FED6D924E2CF1E0031B502 /* Debug */,
				84FED6DA24E2CF1E0031B502 /* Release */,
			);
			defaultConfigurationIsVisible = 0;
			defaultConfigurationName = Release;
		};
/* End XCConfigurationList section */

/* Begin XCVersionGroup section */
		84FED6B124E2CF1C0031B502 /* PSATest.xcdatamodeld */ = {
			isa = XCVersionGroup;
			children = (
				84FED6B224E2CF1C0031B502 /* PSATest.xcdatamodel */,
			);
			currentVersion = 84FED6B224E2CF1C0031B502 /* PSATest.xcdatamodel */;
			path = PSATest.xcdatamodeld;
			sourceTree = "<group>";
			versionGroupType = wrapper.xcdatamodel;
		};
/* End XCVersionGroup section */
	};
	rootObject = 84FED69D24E2CF1C0031B502 /* Project object */;
}
